
Microsoft Visual Studio Solution File, Format Version 12.00
# Visual Studio Version 16
VisualStudioVersion = 16.0.33529.622
MinimumVisualStudioVersion = 10.0.40219.1
Project("{FAE04EC0-301F-11D3-BF4B-00C04F79EFBC}") = "Racing Game", "Racing Game.csproj", "{24E5C8AF-A610-4BAA-AE2E-E3BC45228F43}"
EndProject
Global
	GlobalSection(SolutionConfigurationPlatforms) = preSolution
		Debug|Any CPU = Debug|Any CPU
		Release|Any CPU = Release|Any CPU
	EndGlobalSection
	GlobalSection(ProjectConfigurationPlatforms) = postSolution
		{24E5C8AF-A610-4BAA-AE2E-E3BC45228F43}.Debug|Any CPU.ActiveCfg = Debug|Any CPU
		{24E5C8AF-A610-4BAA-AE2E-E3BC45228F43}.Debug|Any CPU.Build.0 = Debug|Any CPU
		{24E5C8AF-A610-4BAA-AE2E-E3BC45228F43}.Release|Any CPU.ActiveCfg = Release|Any CPU
		{24E5C8AF-A610-4BAA-AE2E-E3BC45228F43}.Release|Any CPU.Build.0 = Release|Any CPU
	EndGlobalSection
	GlobalSection(SolutionProperties) = preSolution
		HideSolutionNode = FALSE
	EndGlobalSection
	GlobalSection(ExtensibilityGlobals) = postSolution
		SolutionGuid = {33756203-6E6B-4AF4-AC88-820FA3ED601E}
	EndGlobalSection
EndGlobal
