
Microsoft Visual Studio Solution File, Format Version 12.00
# Visual Studio Version 17
VisualStudioVersion = 17.6.33723.286
MinimumVisualStudioVersion = 10.0.40219.1
Project("{FAE04EC0-301F-11D3-BF4B-00C04F79EFBC}") = "T-rex Endless Runner", "T-rex Endless Runner\T-rex Endless Runner.csproj", "{8CF2F49D-C83F-46FC-8157-3D29078F8653}"
EndProject
Global
	GlobalSection(SolutionConfigurationPlatforms) = preSolution
		Debug|Any CPU = Debug|Any CPU
		Release|Any CPU = Release|Any CPU
	EndGlobalSection
	GlobalSection(ProjectConfigurationPlatforms) = postSolution
		{8CF2F49D-C83F-46FC-8157-3D29078F8653}.Debug|Any CPU.ActiveCfg = Debug|Any CPU
		{8CF2F49D-C83F-46FC-8157-3D29078F8653}.Debug|Any CPU.Build.0 = Debug|Any CPU
		{8CF2F49D-C83F-46FC-8157-3D29078F8653}.Release|Any CPU.ActiveCfg = Release|Any CPU
		{8CF2F49D-C83F-46FC-8157-3D29078F8653}.Release|Any CPU.Build.0 = Release|Any CPU
	EndGlobalSection
	GlobalSection(SolutionProperties) = preSolution
		HideSolutionNode = FALSE
	EndGlobalSection
	GlobalSection(ExtensibilityGlobals) = postSolution
		SolutionGuid = {826E2B22-F7AD-44CE-8438-89156630FECB}
	EndGlobalSection
EndGlobal
