
Microsoft Visual Studio Solution File, Format Version 12.00
# Visual Studio Version 17
VisualStudioVersion = 17.6.33723.286
MinimumVisualStudioVersion = 10.0.40219.1
Project("{FAE04EC0-301F-11D3-BF4B-00C04F79EFBC}") = "Zombies Shooter", "Zombies Shooter\Zombies Shooter.csproj", "{5C8F42A3-E1F0-4086-B135-24480090DEFB}"
EndProject
Global
	GlobalSection(SolutionConfigurationPlatforms) = preSolution
		Debug|Any CPU = Debug|Any CPU
		Release|Any CPU = Release|Any CPU
	EndGlobalSection
	GlobalSection(ProjectConfigurationPlatforms) = postSolution
		{5C8F42A3-E1F0-4086-B135-24480090DEFB}.Debug|Any CPU.ActiveCfg = Debug|Any CPU
		{5C8F42A3-E1F0-4086-B135-24480090DEFB}.Debug|Any CPU.Build.0 = Debug|Any CPU
		{5C8F42A3-E1F0-4086-B135-24480090DEFB}.Release|Any CPU.ActiveCfg = Release|Any CPU
		{5C8F42A3-E1F0-4086-B135-24480090DEFB}.Release|Any CPU.Build.0 = Release|Any CPU
	EndGlobalSection
	GlobalSection(SolutionProperties) = preSolution
		HideSolutionNode = FALSE
	EndGlobalSection
	GlobalSection(ExtensibilityGlobals) = postSolution
		SolutionGuid = {D0E98498-CE88-46E1-A799-F93D73333C1D}
	EndGlobalSection
EndGlobal
